
Microsoft Visual Studio Solution File, Format Version 12.00
# Visual Studio Version 16
VisualStudioVersion = 16.0.31112.23
MinimumVisualStudioVersion = 10.0.40219.1
Project("{FAE04EC0-301F-11D3-BF4B-00C04F79EFBC}") = "Ev_4_AE", "Ev_4_AE\Ev_4_AE.csproj", "{BEE1BC56-CC3C-4785-9F22-E932B111F36A}"
EndProject
Global
	GlobalSection(SolutionConfigurationPlatforms) = preSolution
		Debug|Any CPU = Debug|Any CPU
		Release|Any CPU = Release|Any CPU
	EndGlobalSection
	GlobalSection(ProjectConfigurationPlatforms) = postSolution
		{BEE1BC56-CC3C-4785-9F22-E932B111F36A}.Debug|Any CPU.ActiveCfg = Debug|Any CPU
		{BEE1BC56-CC3C-4785-9F22-E932B111F36A}.Debug|Any CPU.Build.0 = Debug|Any CPU
		{BEE1BC56-CC3C-4785-9F22-E932B111F36A}.Release|Any CPU.ActiveCfg = Release|Any CPU
		{BEE1BC56-CC3C-4785-9F22-E932B111F36A}.Release|Any CPU.Build.0 = Release|Any CPU
	EndGlobalSection
	GlobalSection(SolutionProperties) = preSolution
		HideSolutionNode = FALSE
	EndGlobalSection
	GlobalSection(ExtensibilityGlobals) = postSolution
		SolutionGuid = {BD37EF0E-34F5-40B0-9086-8FF77BB658ED}
	EndGlobalSection
EndGlobal
